
Microsoft Visual Studio Solution File, Format Version 12.00
# Visual Studio 14
VisualStudioVersion = 14.0.24720.0
MinimumVisualStudioVersion = 10.0.40219.1
Project("{8BC9CEB8-8B4A-11D0-8D11-00A0C91BC942}") = "compile_as_c", "compile_as_c\compile_as_c.vcxproj", "{D60F31EE-4124-4730-BEAD-C483309659ED}"
EndProject
Project("{F184B08F-C81C-45F6-A57F-5ABD9991F28F}") = "vb_parent", "vb_parent\vb_parent.vbproj", "{7CC52949-D522-4F18-B781-BFDB0795EEC8}"
EndProject
Project("{8BC9CEB8-8B4A-11D0-8D11-00A0C91BC942}") = "CPPStaticLIBWrapper", "..\..\CPPStaticLIBWrapper\CPPStaticLIBWrapper.vcxproj", "{75BB5D19-4B20-4312-879E-BCC9C577BC87}"
EndProject
Global
	GlobalSection(SolutionConfigurationPlatforms) = preSolution
		Debug|Any CPU = Debug|Any CPU
		Debug|x64 = Debug|x64
		Debug|x86 = Debug|x86
		Release|Any CPU = Release|Any CPU
		Release|x64 = Release|x64
		Release|x86 = Release|x86
	EndGlobalSection
	GlobalSection(ProjectConfigurationPlatforms) = postSolution
		{D60F31EE-4124-4730-BEAD-C483309659ED}.Debug|Any CPU.ActiveCfg = Debug|Win32
		{D60F31EE-4124-4730-BEAD-C483309659ED}.Debug|x64.ActiveCfg = Debug|x64
		{D60F31EE-4124-4730-BEAD-C483309659ED}.Debug|x64.Build.0 = Debug|x64
		{D60F31EE-4124-4730-BEAD-C483309659ED}.Debug|x86.ActiveCfg = Debug|Win32
		{D60F31EE-4124-4730-BEAD-C483309659ED}.Debug|x86.Build.0 = Debug|Win32
		{D60F31EE-4124-4730-BEAD-C483309659ED}.Release|Any CPU.ActiveCfg = Release|Win32
		{D60F31EE-4124-4730-BEAD-C483309659ED}.Release|x64.ActiveCfg = Release|x64
		{D60F31EE-4124-4730-BEAD-C483309659ED}.Release|x64.Build.0 = Release|x64
		{D60F31EE-4124-4730-BEAD-C483309659ED}.Release|x86.ActiveCfg = Release|Win32
		{D60F31EE-4124-4730-BEAD-C483309659ED}.Release|x86.Build.0 = Release|Win32
		{7CC52949-D522-4F18-B781-BFDB0795EEC8}.Debug|Any CPU.ActiveCfg = Debug|Any CPU
		{7CC52949-D522-4F18-B781-BFDB0795EEC8}.Debug|Any CPU.Build.0 = Debug|Any CPU
		{7CC52949-D522-4F18-B781-BFDB0795EEC8}.Debug|x64.ActiveCfg = Debug|Any CPU
		{7CC52949-D522-4F18-B781-BFDB0795EEC8}.Debug|x64.Build.0 = Debug|Any CPU
		{7CC52949-D522-4F18-B781-BFDB0795EEC8}.Debug|x86.ActiveCfg = Debug|Any CPU
		{7CC52949-D522-4F18-B781-BFDB0795EEC8}.Debug|x86.Build.0 = Debug|Any CPU
		{7CC52949-D522-4F18-B781-BFDB0795EEC8}.Release|Any CPU.ActiveCfg = Release|Any CPU
		{7CC52949-D522-4F18-B781-BFDB0795EEC8}.Release|Any CPU.Build.0 = Release|Any CPU
		{7CC52949-D522-4F18-B781-BFDB0795EEC8}.Release|x64.ActiveCfg = Release|Any CPU
		{7CC52949-D522-4F18-B781-BFDB0795EEC8}.Release|x64.Build.0 = Release|Any CPU
		{7CC52949-D522-4F18-B781-BFDB0795EEC8}.Release|x86.ActiveCfg = Release|Any CPU
		{7CC52949-D522-4F18-B781-BFDB0795EEC8}.Release|x86.Build.0 = Release|Any CPU
		{75BB5D19-4B20-4312-879E-BCC9C577BC87}.Debug|Any CPU.ActiveCfg = Debug|Win32
		{75BB5D19-4B20-4312-879E-BCC9C577BC87}.Debug|x64.ActiveCfg = Debug|x64
		{75BB5D19-4B20-4312-879E-BCC9C577BC87}.Debug|x64.Build.0 = Debug|x64
		{75BB5D19-4B20-4312-879E-BCC9C577BC87}.Debug|x86.ActiveCfg = Debug|Win32
		{75BB5D19-4B20-4312-879E-BCC9C577BC87}.Debug|x86.Build.0 = Debug|Win32
		{75BB5D19-4B20-4312-879E-BCC9C577BC87}.Release|Any CPU.ActiveCfg = Release|Win32
		{75BB5D19-4B20-4312-879E-BCC9C577BC87}.Release|x64.ActiveCfg = Release|x64
		{75BB5D19-4B20-4312-879E-BCC9C577BC87}.Release|x64.Build.0 = Release|x64
		{75BB5D19-4B20-4312-879E-BCC9C577BC87}.Release|x86.ActiveCfg = Release|Win32
		{75BB5D19-4B20-4312-879E-BCC9C577BC87}.Release|x86.Build.0 = Release|Win32
	EndGlobalSection
	GlobalSection(SolutionProperties) = preSolution
		HideSolutionNode = FALSE
	EndGlobalSection
EndGlobal
